
Microsoft Visual Studio Solution File, Format Version 12.00
# Visual Studio Version 16
VisualStudioVersion = 16.0.28803.156
MinimumVisualStudioVersion = 10.0.40219.1
Project("{9A19103F-16F7-4668-BE54-9A1E7A4F7556}") = "ResearchersXamarin.Business", "ResearchersXamarin.Business\ResearchersXamarin.Business.csproj", "{4609F656-8C6C-4BFB-9767-E33F35F9344F}"
EndProject
Project("{9A19103F-16F7-4668-BE54-9A1E7A4F7556}") = "ResearchersXamarin.Data", "ResearchersXamarin.Data\ResearchersXamarin.Data.csproj", "{A96DFCBF-F3C4-4483-8754-4362370FB69A}"
EndProject
Project("{FAE04EC0-301F-11D3-BF4B-00C04F79EFBC}") = "ResearchersXamarin.UI.UWP", "ResearchersXamarin.UI\ResearchersXamarin.UI.UWP\ResearchersXamarin.UI.UWP.csproj", "{2A0BE215-4DE0-43A7-B9B9-9646AA83D28C}"
EndProject
Project("{FAE04EC0-301F-11D3-BF4B-00C04F79EFBC}") = "ResearchersXamarin.UI.Android", "ResearchersXamarin.UI\ResearchersXamarin.UI.Android\ResearchersXamarin.UI.Android.csproj", "{1AB62B6C-BFF7-4061-ADF6-8A78844111FC}"
EndProject
Project("{FAE04EC0-301F-11D3-BF4B-00C04F79EFBC}") = "ResearchersXamarin.UI.iOS", "ResearchersXamarin.UI\ResearchersXamarin.UI.iOS\ResearchersXamarin.UI.iOS.csproj", "{958CE205-AF92-42E6-8519-FFCB541E30D3}"
EndProject
Project("{9A19103F-16F7-4668-BE54-9A1E7A4F7556}") = "ResearchersXamarin.UI", "ResearchersXamarin.UI\ResearchersXamarin.UI\ResearchersXamarin.UI.csproj", "{DB7DDFB8-8BB9-4C38-B9B4-FC1688FA2E63}"
EndProject
Project("{9A19103F-16F7-4668-BE54-9A1E7A4F7556}") = "ResearchersXamarin.MobileService", "ResearchersXamarin.MobileService\ResearchersXamarin.MobileService.csproj", "{2C065B64-60D5-4563-ABCF-6AA202335D81}"
EndProject
Global
	GlobalSection(SolutionConfigurationPlatforms) = preSolution
		Ad-Hoc|Any CPU = Ad-Hoc|Any CPU
		Ad-Hoc|ARM = Ad-Hoc|ARM
		Ad-Hoc|ARM64 = Ad-Hoc|ARM64
		Ad-Hoc|iPhone = Ad-Hoc|iPhone
		Ad-Hoc|iPhoneSimulator = Ad-Hoc|iPhoneSimulator
		Ad-Hoc|x64 = Ad-Hoc|x64
		Ad-Hoc|x86 = Ad-Hoc|x86
		AppStore|Any CPU = AppStore|Any CPU
		AppStore|ARM = AppStore|ARM
		AppStore|ARM64 = AppStore|ARM64
		AppStore|iPhone = AppStore|iPhone
		AppStore|iPhoneSimulator = AppStore|iPhoneSimulator
		AppStore|x64 = AppStore|x64
		AppStore|x86 = AppStore|x86
		Debug|Any CPU = Debug|Any CPU
		Debug|ARM = Debug|ARM
		Debug|ARM64 = Debug|ARM64
		Debug|iPhone = Debug|iPhone
		Debug|iPhoneSimulator = Debug|iPhoneSimulator
		Debug|x64 = Debug|x64
		Debug|x86 = Debug|x86
		Release|Any CPU = Release|Any CPU
		Release|ARM = Release|ARM
		Release|ARM64 = Release|ARM64
		Release|iPhone = Release|iPhone
		Release|iPhoneSimulator = Release|iPhoneSimulator
		Release|x64 = Release|x64
		Release|x86 = Release|x86
	EndGlobalSection
	GlobalSection(ProjectConfigurationPlatforms) = postSolution
		{4609F656-8C6C-4BFB-9767-E33F35F9344F}.Ad-Hoc|Any CPU.ActiveCfg = Debug|Any CPU
		{4609F656-8C6C-4BFB-9767-E33F35F9344F}.Ad-Hoc|Any CPU.Build.0 = Debug|Any CPU
		{4609F656-8C6C-4BFB-9767-E33F35F9344F}.Ad-Hoc|ARM.ActiveCfg = Debug|Any CPU
		{4609F656-8C6C-4BFB-9767-E33F35F9344F}.Ad-Hoc|ARM.Build.0 = Debug|Any CPU
		{4609F656-8C6C-4BFB-9767-E33F35F9344F}.Ad-Hoc|ARM64.ActiveCfg = Debug|Any CPU
		{4609F656-8C6C-4BFB-9767-E33F35F9344F}.Ad-Hoc|ARM64.Build.0 = Debug|Any CPU
		{4609F656-8C6C-4BFB-9767-E33F35F9344F}.Ad-Hoc|iPhone.ActiveCfg = Debug|Any CPU
		{4609F656-8C6C-4BFB-9767-E33F35F9344F}.Ad-Hoc|iPhone.Build.0 = Debug|Any CPU
		{4609F656-8C6C-4BFB-9767-E33F35F9344F}.Ad-Hoc|iPhoneSimulator.ActiveCfg = Debug|Any CPU
		{4609F656-8C6C-4BFB-9767-E33F35F9344F}.Ad-Hoc|iPhoneSimulator.Build.0 = Debug|Any CPU
		{4609F656-8C6C-4BFB-9767-E33F35F9344F}.Ad-Hoc|x64.ActiveCfg = Debug|Any CPU
		{4609F656-8C6C-4BFB-9767-E33F35F9344F}.Ad-Hoc|x64.Build.0 = Debug|Any CPU
		{4609F656-8C6C-4BFB-9767-E33F35F9344F}.Ad-Hoc|x86.ActiveCfg = Debug|Any CPU
		{4609F656-8C6C-4BFB-9767-E33F35F9344F}.Ad-Hoc|x86.Build.0 = Debug|Any CPU
		{4609F656-8C6C-4BFB-9767-E33F35F9344F}.AppStore|Any CPU.ActiveCfg = Debug|Any CPU
		{4609F656-8C6C-4BFB-9767-E33F35F9344F}.AppStore|Any CPU.Build.0 = Debug|Any CPU
		{4609F656-8C6C-4BFB-9767-E33F35F9344F}.AppStore|ARM.ActiveCfg = Debug|Any CPU
		{4609F656-8C6C-4BFB-9767-E33F35F9344F}.AppStore|ARM.Build.0 = Debug|Any CPU
		{4609F656-8C6C-4BFB-9767-E33F35F9344F}.AppStore|ARM64.ActiveCfg = Debug|Any CPU
		{4609F656-8C6C-4BFB-9767-E33F35F9344F}.AppStore|ARM64.Build.0 = Debug|Any CPU
		{4609F656-8C6C-4BFB-9767-E33F35F9344F}.AppStore|iPhone.ActiveCfg = Debug|Any CPU
		{4609F656-8C6C-4BFB-9767-E33F35F9344F}.AppStore|iPhone.Build.0 = Debug|Any CPU
		{4609F656-8C6C-4BFB-9767-E33F35F9344F}.AppStore|iPhoneSimulator.ActiveCfg = Debug|Any CPU
		{4609F656-8C6C-4BFB-9767-E33F35F9344F}.AppStore|iPhoneSimulator.Build.0 = Debug|Any CPU
		{4609F656-8C6C-4BFB-9767-E33F35F9344F}.AppStore|x64.ActiveCfg = Debug|Any CPU
		{4609F656-8C6C-4BFB-9767-E33F35F9344F}.AppStore|x64.Build.0 = Debug|Any CPU
		{4609F656-8C6C-4BFB-9767-E33F35F9344F}.AppStore|x86.ActiveCfg = Debug|Any CPU
		{4609F656-8C6C-4BFB-9767-E33F35F9344F}.AppStore|x86.Build.0 = Debug|Any CPU
		{4609F656-8C6C-4BFB-9767-E33F35F9344F}.Debug|Any CPU.ActiveCfg = Debug|Any CPU
		{4609F656-8C6C-4BFB-9767-E33F35F9344F}.Debug|Any CPU.Build.0 = Debug|Any CPU
		{4609F656-8C6C-4BFB-9767-E33F35F9344F}.Debug|ARM.ActiveCfg = Debug|Any CPU
		{4609F656-8C6C-4BFB-9767-E33F35F9344F}.Debug|ARM.Build.0 = Debug|Any CPU
		{4609F656-8C6C-4BFB-9767-E33F35F9344F}.Debug|ARM64.ActiveCfg = Debug|Any CPU
		{4609F656-8C6C-4BFB-9767-E33F35F9344F}.Debug|ARM64.Build.0 = Debug|Any CPU
		{4609F656-8C6C-4BFB-9767-E33F35F9344F}.Debug|iPhone.ActiveCfg = Debug|Any CPU
		{4609F656-8C6C-4BFB-9767-E33F35F9344F}.Debug|iPhone.Build.0 = Debug|Any CPU
		{4609F656-8C6C-4BFB-9767-E33F35F9344F}.Debug|iPhoneSimulator.ActiveCfg = Debug|Any CPU
		{4609F656-8C6C-4BFB-9767-E33F35F9344F}.Debug|iPhoneSimulator.Build.0 = Debug|Any CPU
		{4609F656-8C6C-4BFB-9767-E33F35F9344F}.Debug|x64.ActiveCfg = Debug|Any CPU
		{4609F656-8C6C-4BFB-9767-E33F35F9344F}.Debug|x64.Build.0 = Debug|Any CPU
		{4609F656-8C6C-4BFB-9767-E33F35F9344F}.Debug|x86.ActiveCfg = Debug|Any CPU
		{4609F656-8C6C-4BFB-9767-E33F35F9344F}.Debug|x86.Build.0 = Debug|Any CPU
		{4609F656-8C6C-4BFB-9767-E33F35F9344F}.Release|Any CPU.ActiveCfg = Release|Any CPU
		{4609F656-8C6C-4BFB-9767-E33F35F9344F}.Release|Any CPU.Build.0 = Release|Any CPU
		{4609F656-8C6C-4BFB-9767-E33F35F9344F}.Release|ARM.ActiveCfg = Release|Any CPU
		{4609F656-8C6C-4BFB-9767-E33F35F9344F}.Release|ARM.Build.0 = Release|Any CPU
		{4609F656-8C6C-4BFB-9767-E33F35F9344F}.Release|ARM64.ActiveCfg = Release|Any CPU
		{4609F656-8C6C-4BFB-9767-E33F35F9344F}.Release|ARM64.Build.0 = Release|Any CPU
		{4609F656-8C6C-4BFB-9767-E33F35F9344F}.Release|iPhone.ActiveCfg = Release|Any CPU
		{4609F656-8C6C-4BFB-9767-E33F35F9344F}.Release|iPhone.Build.0 = Release|Any CPU
		{4609F656-8C6C-4BFB-9767-E33F35F9344F}.Release|iPhoneSimulator.ActiveCfg = Release|Any CPU
		{4609F656-8C6C-4BFB-9767-E33F35F9344F}.Release|iPhoneSimulator.Build.0 = Release|Any CPU
		{4609F656-8C6C-4BFB-9767-E33F35F9344F}.Release|x64.ActiveCfg = Release|Any CPU
		{4609F656-8C6C-4BFB-9767-E33F35F9344F}.Release|x64.Build.0 = Release|Any CPU
		{4609F656-8C6C-4BFB-9767-E33F35F9344F}.Release|x86.ActiveCfg = Release|Any CPU
		{4609F656-8C6C-4BFB-9767-E33F35F9344F}.Release|x86.Build.0 = Release|Any CPU
		{A96DFCBF-F3C4-4483-8754-4362370FB69A}.Ad-Hoc|Any CPU.ActiveCfg = Debug|Any CPU
		{A96DFCBF-F3C4-4483-8754-4362370FB69A}.Ad-Hoc|Any CPU.Build.0 = Debug|Any CPU
		{A96DFCBF-F3C4-4483-8754-4362370FB69A}.Ad-Hoc|ARM.ActiveCfg = Debug|Any CPU
		{A96DFCBF-F3C4-4483-8754-4362370FB69A}.Ad-Hoc|ARM.Build.0 = Debug|Any CPU
		{A96DFCBF-F3C4-4483-8754-4362370FB69A}.Ad-Hoc|ARM64.ActiveCfg = Debug|Any CPU
		{A96DFCBF-F3C4-4483-8754-4362370FB69A}.Ad-Hoc|ARM64.Build.0 = Debug|Any CPU
		{A96DFCBF-F3C4-4483-8754-4362370FB69A}.Ad-Hoc|iPhone.ActiveCfg = Debug|Any CPU
		{A96DFCBF-F3C4-4483-8754-4362370FB69A}.Ad-Hoc|iPhone.Build.0 = Debug|Any CPU
		{A96DFCBF-F3C4-4483-8754-4362370FB69A}.Ad-Hoc|iPhoneSimulator.ActiveCfg = Debug|Any CPU
		{A96DFCBF-F3C4-4483-8754-4362370FB69A}.Ad-Hoc|iPhoneSimulator.Build.0 = Debug|Any CPU
		{A96DFCBF-F3C4-4483-8754-4362370FB69A}.Ad-Hoc|x64.ActiveCfg = Debug|Any CPU
		{A96DFCBF-F3C4-4483-8754-4362370FB69A}.Ad-Hoc|x64.Build.0 = Debug|Any CPU
		{A96DFCBF-F3C4-4483-8754-4362370FB69A}.Ad-Hoc|x86.ActiveCfg = Debug|Any CPU
		{A96DFCBF-F3C4-4483-8754-4362370FB69A}.Ad-Hoc|x86.Build.0 = Debug|Any CPU
		{A96DFCBF-F3C4-4483-8754-4362370FB69A}.AppStore|Any CPU.ActiveCfg = Debug|Any CPU
		{A96DFCBF-F3C4-4483-8754-4362370FB69A}.AppStore|Any CPU.Build.0 = Debug|Any CPU
		{A96DFCBF-F3C4-4483-8754-4362370FB69A}.AppStore|ARM.ActiveCfg = Debug|Any CPU
		{A96DFCBF-F3C4-4483-8754-4362370FB69A}.AppStore|ARM.Build.0 = Debug|Any CPU
		{A96DFCBF-F3C4-4483-8754-4362370FB69A}.AppStore|ARM64.ActiveCfg = Debug|Any CPU
		{A96DFCBF-F3C4-4483-8754-4362370FB69A}.AppStore|ARM64.Build.0 = Debug|Any CPU
		{A96DFCBF-F3C4-4483-8754-4362370FB69A}.AppStore|iPhone.ActiveCfg = Debug|Any CPU
		{A96DFCBF-F3C4-4483-8754-4362370FB69A}.AppStore|iPhone.Build.0 = Debug|Any CPU
		{A96DFCBF-F3C4-4483-8754-4362370FB69A}.AppStore|iPhoneSimulator.ActiveCfg = Debug|Any CPU
		{A96DFCBF-F3C4-4483-8754-4362370FB69A}.AppStore|iPhoneSimulator.Build.0 = Debug|Any CPU
		{A96DFCBF-F3C4-4483-8754-4362370FB69A}.AppStore|x64.ActiveCfg = Debug|Any CPU
		{A96DFCBF-F3C4-4483-8754-4362370FB69A}.AppStore|x64.Build.0 = Debug|Any CPU
		{A96DFCBF-F3C4-4483-8754-4362370FB69A}.AppStore|x86.ActiveCfg = Debug|Any CPU
		{A96DFCBF-F3C4-4483-8754-4362370FB69A}.AppStore|x86.Build.0 = Debug|Any CPU
		{A96DFCBF-F3C4-4483-8754-4362370FB69A}.Debug|Any CPU.ActiveCfg = Debug|Any CPU
		{A96DFCBF-F3C4-4483-8754-4362370FB69A}.Debug|Any CPU.Build.0 = Debug|Any CPU
		{A96DFCBF-F3C4-4483-8754-4362370FB69A}.Debug|ARM.ActiveCfg = Debug|Any CPU
		{A96DFCBF-F3C4-4483-8754-4362370FB69A}.Debug|ARM.Build.0 = Debug|Any CPU
		{A96DFCBF-F3C4-4483-8754-4362370FB69A}.Debug|ARM64.ActiveCfg = Debug|Any CPU
		{A96DFCBF-F3C4-4483-8754-4362370FB69A}.Debug|ARM64.Build.0 = Debug|Any CPU
		{A96DFCBF-F3C4-4483-8754-4362370FB69A}.Debug|iPhone.ActiveCfg = Debug|Any CPU
		{A96DFCBF-F3C4-4483-8754-4362370FB69A}.Debug|iPhone.Build.0 = Debug|Any CPU
		{A96DFCBF-F3C4-4483-8754-4362370FB69A}.Debug|iPhoneSimulator.ActiveCfg = Debug|Any CPU
		{A96DFCBF-F3C4-4483-8754-4362370FB69A}.Debug|iPhoneSimulator.Build.0 = Debug|Any CPU
		{A96DFCBF-F3C4-4483-8754-4362370FB69A}.Debug|x64.ActiveCfg = Debug|Any CPU
		{A96DFCBF-F3C4-4483-8754-4362370FB69A}.Debug|x64.Build.0 = Debug|Any CPU
		{A96DFCBF-F3C4-4483-8754-4362370FB69A}.Debug|x86.ActiveCfg = Debug|Any CPU
		{A96DFCBF-F3C4-4483-8754-4362370FB69A}.Debug|x86.Build.0 = Debug|Any CPU
		{A96DFCBF-F3C4-4483-8754-4362370FB69A}.Release|Any CPU.ActiveCfg = Release|Any CPU
		{A96DFCBF-F3C4-4483-8754-4362370FB69A}.Release|Any CPU.Build.0 = Release|Any CPU
		{A96DFCBF-F3C4-4483-8754-4362370FB69A}.Release|ARM.ActiveCfg = Release|Any CPU
		{A96DFCBF-F3C4-4483-8754-4362370FB69A}.Release|ARM.Build.0 = Release|Any CPU
		{A96DFCBF-F3C4-4483-8754-4362370FB69A}.Release|ARM64.ActiveCfg = Release|Any CPU
		{A96DFCBF-F3C4-4483-8754-4362370FB69A}.Release|ARM64.Build.0 = Release|Any CPU
		{A96DFCBF-F3C4-4483-8754-4362370FB69A}.Release|iPhone.ActiveCfg = Release|Any CPU
		{A96DFCBF-F3C4-4483-8754-4362370FB69A}.Release|iPhone.Build.0 = Release|Any CPU
		{A96DFCBF-F3C4-4483-8754-4362370FB69A}.Release|iPhoneSimulator.ActiveCfg = Release|Any CPU
		{A96DFCBF-F3C4-4483-8754-4362370FB69A}.Release|iPhoneSimulator.Build.0 = Release|Any CPU
		{A96DFCBF-F3C4-4483-8754-4362370FB69A}.Release|x64.ActiveCfg = Release|Any CPU
		{A96DFCBF-F3C4-4483-8754-4362370FB69A}.Release|x64.Build.0 = Release|Any CPU
		{A96DFCBF-F3C4-4483-8754-4362370FB69A}.Release|x86.ActiveCfg = Release|Any CPU
		{A96DFCBF-F3C4-4483-8754-4362370FB69A}.Release|x86.Build.0 = Release|Any CPU
		{2A0BE215-4DE0-43A7-B9B9-9646AA83D28C}.Ad-Hoc|Any CPU.ActiveCfg = Release|x86
		{2A0BE215-4DE0-43A7-B9B9-9646AA83D28C}.Ad-Hoc|Any CPU.Build.0 = Release|x86
		{2A0BE215-4DE0-43A7-B9B9-9646AA83D28C}.Ad-Hoc|Any CPU.Deploy.0 = Release|x86
		{2A0BE215-4DE0-43A7-B9B9-9646AA83D28C}.Ad-Hoc|ARM.ActiveCfg = Release|ARM
		{2A0BE215-4DE0-43A7-B9B9-9646AA83D28C}.Ad-Hoc|ARM.Build.0 = Release|ARM
		{2A0BE215-4DE0-43A7-B9B9-9646AA83D28C}.Ad-Hoc|ARM.Deploy.0 = Release|ARM
		{2A0BE215-4DE0-43A7-B9B9-9646AA83D28C}.Ad-Hoc|ARM64.ActiveCfg = Release|x86
		{2A0BE215-4DE0-43A7-B9B9-9646AA83D28C}.Ad-Hoc|ARM64.Build.0 = Release|x86
		{2A0BE215-4DE0-43A7-B9B9-9646AA83D28C}.Ad-Hoc|ARM64.Deploy.0 = Release|x86
		{2A0BE215-4DE0-43A7-B9B9-9646AA83D28C}.Ad-Hoc|iPhone.ActiveCfg = Release|x86
		{2A0BE215-4DE0-43A7-B9B9-9646AA83D28C}.Ad-Hoc|iPhone.Build.0 = Release|x86
		{2A0BE215-4DE0-43A7-B9B9-9646AA83D28C}.Ad-Hoc|iPhone.Deploy.0 = Release|x86
		{2A0BE215-4DE0-43A7-B9B9-9646AA83D28C}.Ad-Hoc|iPhoneSimulator.ActiveCfg = Release|x86
		{2A0BE215-4DE0-43A7-B9B9-9646AA83D28C}.Ad-Hoc|iPhoneSimulator.Build.0 = Release|x86
		{2A0BE215-4DE0-43A7-B9B9-9646AA83D28C}.Ad-Hoc|iPhoneSimulator.Deploy.0 = Release|x86
		{2A0BE215-4DE0-43A7-B9B9-9646AA83D28C}.Ad-Hoc|x64.ActiveCfg = Release|x64
		{2A0BE215-4DE0-43A7-B9B9-9646AA83D28C}.Ad-Hoc|x64.Build.0 = Release|x64
		{2A0BE215-4DE0-43A7-B9B9-9646AA83D28C}.Ad-Hoc|x64.Deploy.0 = Release|x64
		{2A0BE215-4DE0-43A7-B9B9-9646AA83D28C}.Ad-Hoc|x86.ActiveCfg = Release|x86
		{2A0BE215-4DE0-43A7-B9B9-9646AA83D28C}.Ad-Hoc|x86.Build.0 = Release|x86
		{2A0BE215-4DE0-43A7-B9B9-9646AA83D28C}.Ad-Hoc|x86.Deploy.0 = Release|x86
		{2A0BE215-4DE0-43A7-B9B9-9646AA83D28C}.AppStore|Any CPU.ActiveCfg = Release|x86
		{2A0BE215-4DE0-43A7-B9B9-9646AA83D28C}.AppStore|Any CPU.Build.0 = Release|x86
		{2A0BE215-4DE0-43A7-B9B9-9646AA83D28C}.AppStore|Any CPU.Deploy.0 = Release|x86
		{2A0BE215-4DE0-43A7-B9B9-9646AA83D28C}.AppStore|ARM.ActiveCfg = Release|ARM
		{2A0BE215-4DE0-43A7-B9B9-9646AA83D28C}.AppStore|ARM.Build.0 = Release|ARM
		{2A0BE215-4DE0-43A7-B9B9-9646AA83D28C}.AppStore|ARM.Deploy.0 = Release|ARM
		{2A0BE215-4DE0-43A7-B9B9-9646AA83D28C}.AppStore|ARM64.ActiveCfg = Release|x86
		{2A0BE215-4DE0-43A7-B9B9-9646AA83D28C}.AppStore|ARM64.Build.0 = Release|x86
		{2A0BE215-4DE0-43A7-B9B9-9646AA83D28C}.AppStore|ARM64.Deploy.0 = Release|x86
		{2A0BE215-4DE0-43A7-B9B9-9646AA83D28C}.AppStore|iPhone.ActiveCfg = Release|x86
		{2A0BE215-4DE0-43A7-B9B9-9646AA83D28C}.AppStore|iPhone.Build.0 = Release|x86
		{2A0BE215-4DE0-43A7-B9B9-9646AA83D28C}.AppStore|iPhone.Deploy.0 = Release|x86
		{2A0BE215-4DE0-43A7-B9B9-9646AA83D28C}.AppStore|iPhoneSimulator.ActiveCfg = Release|x86
		{2A0BE215-4DE0-43A7-B9B9-9646AA83D28C}.AppStore|iPhoneSimulator.Build.0 = Release|x86
		{2A0BE215-4DE0-43A7-B9B9-9646AA83D28C}.AppStore|iPhoneSimulator.Deploy.0 = Release|x86
		{2A0BE215-4DE0-43A7-B9B9-9646AA83D28C}.AppStore|x64.ActiveCfg = Release|x64
		{2A0BE215-4DE0-43A7-B9B9-9646AA83D28C}.AppStore|x64.Build.0 = Release|x64
		{2A0BE215-4DE0-43A7-B9B9-9646AA83D28C}.AppStore|x64.Deploy.0 = Release|x64
		{2A0BE215-4DE0-43A7-B9B9-9646AA83D28C}.AppStore|x86.ActiveCfg = Release|x86
		{2A0BE215-4DE0-43A7-B9B9-9646AA83D28C}.AppStore|x86.Build.0 = Release|x86
		{2A0BE215-4DE0-43A7-B9B9-9646AA83D28C}.AppStore|x86.Deploy.0 = Release|x86
		{2A0BE215-4DE0-43A7-B9B9-9646AA83D28C}.Debug|Any CPU.ActiveCfg = Debug|x86
		{2A0BE215-4DE0-43A7-B9B9-9646AA83D28C}.Debug|ARM.ActiveCfg = Debug|ARM
		{2A0BE215-4DE0-43A7-B9B9-9646AA83D28C}.Debug|ARM.Build.0 = Debug|ARM
		{2A0BE215-4DE0-43A7-B9B9-9646AA83D28C}.Debug|ARM.Deploy.0 = Debug|ARM
		{2A0BE215-4DE0-43A7-B9B9-9646AA83D28C}.Debug|ARM64.ActiveCfg = Debug|x86
		{2A0BE215-4DE0-43A7-B9B9-9646AA83D28C}.Debug|iPhone.ActiveCfg = Debug|x86
		{2A0BE215-4DE0-43A7-B9B9-9646AA83D28C}.Debug|iPhoneSimulator.ActiveCfg = Debug|x86
		{2A0BE215-4DE0-43A7-B9B9-9646AA83D28C}.Debug|x64.ActiveCfg = Debug|x64
		{2A0BE215-4DE0-43A7-B9B9-9646AA83D28C}.Debug|x64.Build.0 = Debug|x64
		{2A0BE215-4DE0-43A7-B9B9-9646AA83D28C}.Debug|x64.Deploy.0 = Debug|x64
		{2A0BE215-4DE0-43A7-B9B9-9646AA83D28C}.Debug|x86.ActiveCfg = Debug|x86
		{2A0BE215-4DE0-43A7-B9B9-9646AA83D28C}.Debug|x86.Build.0 = Debug|x86
		{2A0BE215-4DE0-43A7-B9B9-9646AA83D28C}.Debug|x86.Deploy.0 = Debug|x86
		{2A0BE215-4DE0-43A7-B9B9-9646AA83D28C}.Release|Any CPU.ActiveCfg = Release|x86
		{2A0BE215-4DE0-43A7-B9B9-9646AA83D28C}.Release|ARM.ActiveCfg = Release|ARM
		{2A0BE215-4DE0-43A7-B9B9-9646AA83D28C}.Release|ARM.Build.0 = Release|ARM
		{2A0BE215-4DE0-43A7-B9B9-9646AA83D28C}.Release|ARM.Deploy.0 = Release|ARM
		{2A0BE215-4DE0-43A7-B9B9-9646AA83D28C}.Release|ARM64.ActiveCfg = Release|x86
		{2A0BE215-4DE0-43A7-B9B9-9646AA83D28C}.Release|iPhone.ActiveCfg = Release|x86
		{2A0BE215-4DE0-43A7-B9B9-9646AA83D28C}.Release|iPhoneSimulator.ActiveCfg = Release|x86
		{2A0BE215-4DE0-43A7-B9B9-9646AA83D28C}.Release|x64.ActiveCfg = Release|x64
		{2A0BE215-4DE0-43A7-B9B9-9646AA83D28C}.Release|x64.Build.0 = Release|x64
		{2A0BE215-4DE0-43A7-B9B9-9646AA83D28C}.Release|x64.Deploy.0 = Release|x64
		{2A0BE215-4DE0-43A7-B9B9-9646AA83D28C}.Release|x86.ActiveCfg = Release|x86
		{2A0BE215-4DE0-43A7-B9B9-9646AA83D28C}.Release|x86.Build.0 = Release|x86
		{2A0BE215-4DE0-43A7-B9B9-9646AA83D28C}.Release|x86.Deploy.0 = Release|x86
		{1AB62B6C-BFF7-4061-ADF6-8A78844111FC}.Ad-Hoc|Any CPU.ActiveCfg = Release|Any CPU
		{1AB62B6C-BFF7-4061-ADF6-8A78844111FC}.Ad-Hoc|Any CPU.Build.0 = Release|Any CPU
		{1AB62B6C-BFF7-4061-ADF6-8A78844111FC}.Ad-Hoc|Any CPU.Deploy.0 = Release|Any CPU
		{1AB62B6C-BFF7-4061-ADF6-8A78844111FC}.Ad-Hoc|ARM.ActiveCfg = Release|Any CPU
		{1AB62B6C-BFF7-4061-ADF6-8A78844111FC}.Ad-Hoc|ARM.Build.0 = Release|Any CPU
		{1AB62B6C-BFF7-4061-ADF6-8A78844111FC}.Ad-Hoc|ARM.Deploy.0 = Release|Any CPU
		{1AB62B6C-BFF7-4061-ADF6-8A78844111FC}.Ad-Hoc|ARM64.ActiveCfg = Release|Any CPU
		{1AB62B6C-BFF7-4061-ADF6-8A78844111FC}.Ad-Hoc|ARM64.Build.0 = Release|Any CPU
		{1AB62B6C-BFF7-4061-ADF6-8A78844111FC}.Ad-Hoc|ARM64.Deploy.0 = Release|Any CPU
		{1AB62B6C-BFF7-4061-ADF6-8A78844111FC}.Ad-Hoc|iPhone.ActiveCfg = Release|Any CPU
		{1AB62B6C-BFF7-4061-ADF6-8A78844111FC}.Ad-Hoc|iPhone.Build.0 = Release|Any CPU
		{1AB62B6C-BFF7-4061-ADF6-8A78844111FC}.Ad-Hoc|iPhone.Deploy.0 = Release|Any CPU
		{1AB62B6C-BFF7-4061-ADF6-8A78844111FC}.Ad-Hoc|iPhoneSimulator.ActiveCfg = Release|Any CPU
		{1AB62B6C-BFF7-4061-ADF6-8A78844111FC}.Ad-Hoc|iPhoneSimulator.Build.0 = Release|Any CPU
		{1AB62B6C-BFF7-4061-ADF6-8A78844111FC}.Ad-Hoc|iPhoneSimulator.Deploy.0 = Release|Any CPU
		{1AB62B6C-BFF7-4061-ADF6-8A78844111FC}.Ad-Hoc|x64.ActiveCfg = Release|Any CPU
		{1AB62B6C-BFF7-4061-ADF6-8A78844111FC}.Ad-Hoc|x64.Build.0 = Release|Any CPU
		{1AB62B6C-BFF7-4061-ADF6-8A78844111FC}.Ad-Hoc|x64.Deploy.0 = Release|Any CPU
		{1AB62B6C-BFF7-4061-ADF6-8A78844111FC}.Ad-Hoc|x86.ActiveCfg = Release|Any CPU
		{1AB62B6C-BFF7-4061-ADF6-8A78844111FC}.Ad-Hoc|x86.Build.0 = Release|Any CPU
		{1AB62B6C-BFF7-4061-ADF6-8A78844111FC}.Ad-Hoc|x86.Deploy.0 = Release|Any CPU
		{1AB62B6C-BFF7-4061-ADF6-8A78844111FC}.AppStore|Any CPU.ActiveCfg = Release|Any CPU
		{1AB62B6C-BFF7-4061-ADF6-8A78844111FC}.AppStore|Any CPU.Build.0 = Release|Any CPU
		{1AB62B6C-BFF7-4061-ADF6-8A78844111FC}.AppStore|Any CPU.Deploy.0 = Release|Any CPU
		{1AB62B6C-BFF7-4061-ADF6-8A78844111FC}.AppStore|ARM.ActiveCfg = Release|Any CPU
		{1AB62B6C-BFF7-4061-ADF6-8A78844111FC}.AppStore|ARM.Build.0 = Release|Any CPU
		{1AB62B6C-BFF7-4061-ADF6-8A78844111FC}.AppStore|ARM.Deploy.0 = Release|Any CPU
		{1AB62B6C-BFF7-4061-ADF6-8A78844111FC}.AppStore|ARM64.ActiveCfg = Release|Any CPU
		{1AB62B6C-BFF7-4061-ADF6-8A78844111FC}.AppStore|ARM64.Build.0 = Release|Any CPU
		{1AB62B6C-BFF7-4061-ADF6-8A78844111FC}.AppStore|ARM64.Deploy.0 = Release|Any CPU
		{1AB62B6C-BFF7-4061-ADF6-8A78844111FC}.AppStore|iPhone.ActiveCfg = Release|Any CPU
		{1AB62B6C-BFF7-4061-ADF6-8A78844111FC}.AppStore|iPhone.Build.0 = Release|Any CPU
		{1AB62B6C-BFF7-4061-ADF6-8A78844111FC}.AppStore|iPhone.Deploy.0 = Release|Any CPU
		{1AB62B6C-BFF7-4061-ADF6-8A78844111FC}.AppStore|iPhoneSimulator.ActiveCfg = Release|Any CPU
		{1AB62B6C-BFF7-4061-ADF6-8A78844111FC}.AppStore|iPhoneSimulator.Build.0 = Release|Any CPU
		{1AB62B6C-BFF7-4061-ADF6-8A78844111FC}.AppStore|iPhoneSimulator.Deploy.0 = Release|Any CPU
		{1AB62B6C-BFF7-4061-ADF6-8A78844111FC}.AppStore|x64.ActiveCfg = Release|Any CPU
		{1AB62B6C-BFF7-4061-ADF6-8A78844111FC}.AppStore|x64.Build.0 = Release|Any CPU
		{1AB62B6C-BFF7-4061-ADF6-8A78844111FC}.AppStore|x64.Deploy.0 = Release|Any CPU
		{1AB62B6C-BFF7-4061-ADF6-8A78844111FC}.AppStore|x86.ActiveCfg = Release|Any CPU
		{1AB62B6C-BFF7-4061-ADF6-8A78844111FC}.AppStore|x86.Build.0 = Release|Any CPU
		{1AB62B6C-BFF7-4061-ADF6-8A78844111FC}.AppStore|x86.Deploy.0 = Release|Any CPU
		{1AB62B6C-BFF7-4061-ADF6-8A78844111FC}.Debug|Any CPU.ActiveCfg = Debug|Any CPU
		{1AB62B6C-BFF7-4061-ADF6-8A78844111FC}.Debug|Any CPU.Build.0 = Debug|Any CPU
		{1AB62B6C-BFF7-4061-ADF6-8A78844111FC}.Debug|Any CPU.Deploy.0 = Debug|Any CPU
		{1AB62B6C-BFF7-4061-ADF6-8A78844111FC}.Debug|ARM.ActiveCfg = Debug|Any CPU
		{1AB62B6C-BFF7-4061-ADF6-8A78844111FC}.Debug|ARM.Build.0 = Debug|Any CPU
		{1AB62B6C-BFF7-4061-ADF6-8A78844111FC}.Debug|ARM.Deploy.0 = Debug|Any CPU
		{1AB62B6C-BFF7-4061-ADF6-8A78844111FC}.Debug|ARM64.ActiveCfg = Debug|Any CPU
		{1AB62B6C-BFF7-4061-ADF6-8A78844111FC}.Debug|ARM64.Build.0 = Debug|Any CPU
		{1AB62B6C-BFF7-4061-ADF6-8A78844111FC}.Debug|ARM64.Deploy.0 = Debug|Any CPU
		{1AB62B6C-BFF7-4061-ADF6-8A78844111FC}.Debug|iPhone.ActiveCfg = Debug|Any CPU
		{1AB62B6C-BFF7-4061-ADF6-8A78844111FC}.Debug|iPhone.Build.0 = Debug|Any CPU
		{1AB62B6C-BFF7-4061-ADF6-8A78844111FC}.Debug|iPhone.Deploy.0 = Debug|Any CPU
		{1AB62B6C-BFF7-4061-ADF6-8A78844111FC}.Debug|iPhoneSimulator.ActiveCfg = Debug|Any CPU
		{1AB62B6C-BFF7-4061-ADF6-8A78844111FC}.Debug|iPhoneSimulator.Build.0 = Debug|Any CPU
		{1AB62B6C-BFF7-4061-ADF6-8A78844111FC}.Debug|iPhoneSimulator.Deploy.0 = Debug|Any CPU
		{1AB62B6C-BFF7-4061-ADF6-8A78844111FC}.Debug|x64.ActiveCfg = Debug|Any CPU
		{1AB62B6C-BFF7-4061-ADF6-8A78844111FC}.Debug|x64.Build.0 = Debug|Any CPU
		{1AB62B6C-BFF7-4061-ADF6-8A78844111FC}.Debug|x64.Deploy.0 = Debug|Any CPU
		{1AB62B6C-BFF7-4061-ADF6-8A78844111FC}.Debug|x86.ActiveCfg = Debug|Any CPU
		{1AB62B6C-BFF7-4061-ADF6-8A78844111FC}.Debug|x86.Build.0 = Debug|Any CPU
		{1AB62B6C-BFF7-4061-ADF6-8A78844111FC}.Debug|x86.Deploy.0 = Debug|Any CPU
		{1AB62B6C-BFF7-4061-ADF6-8A78844111FC}.Release|Any CPU.ActiveCfg = Release|Any CPU
		{1AB62B6C-BFF7-4061-ADF6-8A78844111FC}.Release|Any CPU.Build.0 = Release|Any CPU
		{1AB62B6C-BFF7-4061-ADF6-8A78844111FC}.Release|Any CPU.Deploy.0 = Release|Any CPU
		{1AB62B6C-BFF7-4061-ADF6-8A78844111FC}.Release|ARM.ActiveCfg = Release|Any CPU
		{1AB62B6C-BFF7-4061-ADF6-8A78844111FC}.Release|ARM.Build.0 = Release|Any CPU
		{1AB62B6C-BFF7-4061-ADF6-8A78844111FC}.Release|ARM.Deploy.0 = Release|Any CPU
		{1AB62B6C-BFF7-4061-ADF6-8A78844111FC}.Release|ARM64.ActiveCfg = Release|Any CPU
		{1AB62B6C-BFF7-4061-ADF6-8A78844111FC}.Release|ARM64.Build.0 = Release|Any CPU
		{1AB62B6C-BFF7-4061-ADF6-8A78844111FC}.Release|ARM64.Deploy.0 = Release|Any CPU
		{1AB62B6C-BFF7-4061-ADF6-8A78844111FC}.Release|iPhone.ActiveCfg = Release|Any CPU
		{1AB62B6C-BFF7-4061-ADF6-8A78844111FC}.Release|iPhone.Build.0 = Release|Any CPU
		{1AB62B6C-BFF7-4061-ADF6-8A78844111FC}.Release|iPhone.Deploy.0 = Release|Any CPU
		{1AB62B6C-BFF7-4061-ADF6-8A78844111FC}.Release|iPhoneSimulator.ActiveCfg = Release|Any CPU
		{1AB62B6C-BFF7-4061-ADF6-8A78844111FC}.Release|iPhoneSimulator.Build.0 = Release|Any CPU
		{1AB62B6C-BFF7-4061-ADF6-8A78844111FC}.Release|iPhoneSimulator.Deploy.0 = Release|Any CPU
		{1AB62B6C-BFF7-4061-ADF6-8A78844111FC}.Release|x64.ActiveCfg = Release|Any CPU
		{1AB62B6C-BFF7-4061-ADF6-8A78844111FC}.Release|x64.Build.0 = Release|Any CPU
		{1AB62B6C-BFF7-4061-ADF6-8A78844111FC}.Release|x64.Deploy.0 = Release|Any CPU
		{1AB62B6C-BFF7-4061-ADF6-8A78844111FC}.Release|x86.ActiveCfg = Release|Any CPU
		{1AB62B6C-BFF7-4061-ADF6-8A78844111FC}.Release|x86.Build.0 = Release|Any CPU
		{1AB62B6C-BFF7-4061-ADF6-8A78844111FC}.Release|x86.Deploy.0 = Release|Any CPU
		{958CE205-AF92-42E6-8519-FFCB541E30D3}.Ad-Hoc|Any CPU.ActiveCfg = Release|iPhone
		{958CE205-AF92-42E6-8519-FFCB541E30D3}.Ad-Hoc|Any CPU.Build.0 = Release|iPhone
		{958CE205-AF92-42E6-8519-FFCB541E30D3}.Ad-Hoc|ARM.ActiveCfg = Release|iPhone
		{958CE205-AF92-42E6-8519-FFCB541E30D3}.Ad-Hoc|ARM.Build.0 = Release|iPhone
		{958CE205-AF92-42E6-8519-FFCB541E30D3}.Ad-Hoc|ARM64.ActiveCfg = Release|iPhone
		{958CE205-AF92-42E6-8519-FFCB541E30D3}.Ad-Hoc|ARM64.Build.0 = Release|iPhone
		{958CE205-AF92-42E6-8519-FFCB541E30D3}.Ad-Hoc|iPhone.ActiveCfg = Release|iPhone
		{958CE205-AF92-42E6-8519-FFCB541E30D3}.Ad-Hoc|iPhone.Build.0 = Release|iPhone
		{958CE205-AF92-42E6-8519-FFCB541E30D3}.Ad-Hoc|iPhoneSimulator.ActiveCfg = Release|iPhoneSimulator
		{958CE205-AF92-42E6-8519-FFCB541E30D3}.Ad-Hoc|iPhoneSimulator.Build.0 = Release|iPhoneSimulator
		{958CE205-AF92-42E6-8519-FFCB541E30D3}.Ad-Hoc|x64.ActiveCfg = Release|iPhone
		{958CE205-AF92-42E6-8519-FFCB541E30D3}.Ad-Hoc|x64.Build.0 = Release|iPhone
		{958CE205-AF92-42E6-8519-FFCB541E30D3}.Ad-Hoc|x86.ActiveCfg = Release|iPhone
		{958CE205-AF92-42E6-8519-FFCB541E30D3}.Ad-Hoc|x86.Build.0 = Release|iPhone
		{958CE205-AF92-42E6-8519-FFCB541E30D3}.AppStore|Any CPU.ActiveCfg = Release|iPhone
		{958CE205-AF92-42E6-8519-FFCB541E30D3}.AppStore|Any CPU.Build.0 = Release|iPhone
		{958CE205-AF92-42E6-8519-FFCB541E30D3}.AppStore|ARM.ActiveCfg = Release|iPhone
		{958CE205-AF92-42E6-8519-FFCB541E30D3}.AppStore|ARM.Build.0 = Release|iPhone
		{958CE205-AF92-42E6-8519-FFCB541E30D3}.AppStore|ARM64.ActiveCfg = Release|iPhone
		{958CE205-AF92-42E6-8519-FFCB541E30D3}.AppStore|ARM64.Build.0 = Release|iPhone
		{958CE205-AF92-42E6-8519-FFCB541E30D3}.AppStore|iPhone.ActiveCfg = Release|iPhone
		{958CE205-AF92-42E6-8519-FFCB541E30D3}.AppStore|iPhone.Build.0 = Release|iPhone
		{958CE205-AF92-42E6-8519-FFCB541E30D3}.AppStore|iPhoneSimulator.ActiveCfg = Release|iPhoneSimulator
		{958CE205-AF92-42E6-8519-FFCB541E30D3}.AppStore|iPhoneSimulator.Build.0 = Release|iPhoneSimulator
		{958CE205-AF92-42E6-8519-FFCB541E30D3}.AppStore|x64.ActiveCfg = Release|iPhone
		{958CE205-AF92-42E6-8519-FFCB541E30D3}.AppStore|x64.Build.0 = Release|iPhone
		{958CE205-AF92-42E6-8519-FFCB541E30D3}.AppStore|x86.ActiveCfg = Release|iPhone
		{958CE205-AF92-42E6-8519-FFCB541E30D3}.AppStore|x86.Build.0 = Release|iPhone
		{958CE205-AF92-42E6-8519-FFCB541E30D3}.Debug|Any CPU.ActiveCfg = Debug|iPhone
		{958CE205-AF92-42E6-8519-FFCB541E30D3}.Debug|ARM.ActiveCfg = Debug|iPhone
		{958CE205-AF92-42E6-8519-FFCB541E30D3}.Debug|ARM64.ActiveCfg = Debug|iPhone
		{958CE205-AF92-42E6-8519-FFCB541E30D3}.Debug|iPhone.ActiveCfg = Debug|iPhone
		{958CE205-AF92-42E6-8519-FFCB541E30D3}.Debug|iPhone.Build.0 = Debug|iPhone
		{958CE205-AF92-42E6-8519-FFCB541E30D3}.Debug|iPhoneSimulator.ActiveCfg = Debug|iPhoneSimulator
		{958CE205-AF92-42E6-8519-FFCB541E30D3}.Debug|iPhoneSimulator.Build.0 = Debug|iPhoneSimulator
		{958CE205-AF92-42E6-8519-FFCB541E30D3}.Debug|x64.ActiveCfg = Debug|iPhone
		{958CE205-AF92-42E6-8519-FFCB541E30D3}.Debug|x86.ActiveCfg = Debug|iPhone
		{958CE205-AF92-42E6-8519-FFCB541E30D3}.Release|Any CPU.ActiveCfg = Release|iPhone
		{958CE205-AF92-42E6-8519-FFCB541E30D3}.Release|ARM.ActiveCfg = Release|iPhone
		{958CE205-AF92-42E6-8519-FFCB541E30D3}.Release|ARM64.ActiveCfg = Release|iPhone
		{958CE205-AF92-42E6-8519-FFCB541E30D3}.Release|iPhone.ActiveCfg = Release|iPhone
		{958CE205-AF92-42E6-8519-FFCB541E30D3}.Release|iPhone.Build.0 = Release|iPhone
		{958CE205-AF92-42E6-8519-FFCB541E30D3}.Release|iPhoneSimulator.ActiveCfg = Release|iPhoneSimulator
		{958CE205-AF92-42E6-8519-FFCB541E30D3}.Release|iPhoneSimulator.Build.0 = Release|iPhoneSimulator
		{958CE205-AF92-42E6-8519-FFCB541E30D3}.Release|x64.ActiveCfg = Release|iPhone
		{958CE205-AF92-42E6-8519-FFCB541E30D3}.Release|x86.ActiveCfg = Release|iPhone
		{DB7DDFB8-8BB9-4C38-B9B4-FC1688FA2E63}.Ad-Hoc|Any CPU.ActiveCfg = Debug|Any CPU
		{DB7DDFB8-8BB9-4C38-B9B4-FC1688FA2E63}.Ad-Hoc|Any CPU.Build.0 = Debug|Any CPU
		{DB7DDFB8-8BB9-4C38-B9B4-FC1688FA2E63}.Ad-Hoc|ARM.ActiveCfg = Debug|Any CPU
		{DB7DDFB8-8BB9-4C38-B9B4-FC1688FA2E63}.Ad-Hoc|ARM.Build.0 = Debug|Any CPU
		{DB7DDFB8-8BB9-4C38-B9B4-FC1688FA2E63}.Ad-Hoc|ARM64.ActiveCfg = Debug|Any CPU
		{DB7DDFB8-8BB9-4C38-B9B4-FC1688FA2E63}.Ad-Hoc|ARM64.Build.0 = Debug|Any CPU
		{DB7DDFB8-8BB9-4C38-B9B4-FC1688FA2E63}.Ad-Hoc|iPhone.ActiveCfg = Debug|Any CPU
		{DB7DDFB8-8BB9-4C38-B9B4-FC1688FA2E63}.Ad-Hoc|iPhone.Build.0 = Debug|Any CPU
		{DB7DDFB8-8BB9-4C38-B9B4-FC1688FA2E63}.Ad-Hoc|iPhoneSimulator.ActiveCfg = Debug|Any CPU
		{DB7DDFB8-8BB9-4C38-B9B4-FC1688FA2E63}.Ad-Hoc|iPhoneSimulator.Build.0 = Debug|Any CPU
		{DB7DDFB8-8BB9-4C38-B9B4-FC1688FA2E63}.Ad-Hoc|x64.ActiveCfg = Debug|Any CPU
		{DB7DDFB8-8BB9-4C38-B9B4-FC1688FA2E63}.Ad-Hoc|x64.Build.0 = Debug|Any CPU
		{DB7DDFB8-8BB9-4C38-B9B4-FC1688FA2E63}.Ad-Hoc|x86.ActiveCfg = Debug|Any CPU
		{DB7DDFB8-8BB9-4C38-B9B4-FC1688FA2E63}.Ad-Hoc|x86.Build.0 = Debug|Any CPU
		{DB7DDFB8-8BB9-4C38-B9B4-FC1688FA2E63}.AppStore|Any CPU.ActiveCfg = Debug|Any CPU
		{DB7DDFB8-8BB9-4C38-B9B4-FC1688FA2E63}.AppStore|Any CPU.Build.0 = Debug|Any CPU
		{DB7DDFB8-8BB9-4C38-B9B4-FC1688FA2E63}.AppStore|ARM.ActiveCfg = Debug|Any CPU
		{DB7DDFB8-8BB9-4C38-B9B4-FC1688FA2E63}.AppStore|ARM.Build.0 = Debug|Any CPU
		{DB7DDFB8-8BB9-4C38-B9B4-FC1688FA2E63}.AppStore|ARM64.ActiveCfg = Debug|Any CPU
		{DB7DDFB8-8BB9-4C38-B9B4-FC1688FA2E63}.AppStore|ARM64.Build.0 = Debug|Any CPU
		{DB7DDFB8-8BB9-4C38-B9B4-FC1688FA2E63}.AppStore|iPhone.ActiveCfg = Debug|Any CPU
		{DB7DDFB8-8BB9-4C38-B9B4-FC1688FA2E63}.AppStore|iPhone.Build.0 = Debug|Any CPU
		{DB7DDFB8-8BB9-4C38-B9B4-FC1688FA2E63}.AppStore|iPhoneSimulator.ActiveCfg = Debug|Any CPU
		{DB7DDFB8-8BB9-4C38-B9B4-FC1688FA2E63}.AppStore|iPhoneSimulator.Build.0 = Debug|Any CPU
		{DB7DDFB8-8BB9-4C38-B9B4-FC1688FA2E63}.AppStore|x64.ActiveCfg = Debug|Any CPU
		{DB7DDFB8-8BB9-4C38-B9B4-FC1688FA2E63}.AppStore|x64.Build.0 = Debug|Any CPU
		{DB7DDFB8-8BB9-4C38-B9B4-FC1688FA2E63}.AppStore|x86.ActiveCfg = Debug|Any CPU
		{DB7DDFB8-8BB9-4C38-B9B4-FC1688FA2E63}.AppStore|x86.Build.0 = Debug|Any CPU
		{DB7DDFB8-8BB9-4C38-B9B4-FC1688FA2E63}.Debug|Any CPU.ActiveCfg = Debug|Any CPU
		{DB7DDFB8-8BB9-4C38-B9B4-FC1688FA2E63}.Debug|Any CPU.Build.0 = Debug|Any CPU
		{DB7DDFB8-8BB9-4C38-B9B4-FC1688FA2E63}.Debug|ARM.ActiveCfg = Debug|Any CPU
		{DB7DDFB8-8BB9-4C38-B9B4-FC1688FA2E63}.Debug|ARM.Build.0 = Debug|Any CPU
		{DB7DDFB8-8BB9-4C38-B9B4-FC1688FA2E63}.Debug|ARM64.ActiveCfg = Debug|Any CPU
		{DB7DDFB8-8BB9-4C38-B9B4-FC1688FA2E63}.Debug|ARM64.Build.0 = Debug|Any CPU
		{DB7DDFB8-8BB9-4C38-B9B4-FC1688FA2E63}.Debug|iPhone.ActiveCfg = Debug|Any CPU
		{DB7DDFB8-8BB9-4C38-B9B4-FC1688FA2E63}.Debug|iPhone.Build.0 = Debug|Any CPU
		{DB7DDFB8-8BB9-4C38-B9B4-FC1688FA2E63}.Debug|iPhoneSimulator.ActiveCfg = Debug|Any CPU
		{DB7DDFB8-8BB9-4C38-B9B4-FC1688FA2E63}.Debug|iPhoneSimulator.Build.0 = Debug|Any CPU
		{DB7DDFB8-8BB9-4C38-B9B4-FC1688FA2E63}.Debug|x64.ActiveCfg = Debug|Any CPU
		{DB7DDFB8-8BB9-4C38-B9B4-FC1688FA2E63}.Debug|x64.Build.0 = Debug|Any CPU
		{DB7DDFB8-8BB9-4C38-B9B4-FC1688FA2E63}.Debug|x86.ActiveCfg = Debug|Any CPU
		{DB7DDFB8-8BB9-4C38-B9B4-FC1688FA2E63}.Debug|x86.Build.0 = Debug|Any CPU
		{DB7DDFB8-8BB9-4C38-B9B4-FC1688FA2E63}.Release|Any CPU.ActiveCfg = Release|Any CPU
		{DB7DDFB8-8BB9-4C38-B9B4-FC1688FA2E63}.Release|Any CPU.Build.0 = Release|Any CPU
		{DB7DDFB8-8BB9-4C38-B9B4-FC1688FA2E63}.Release|ARM.ActiveCfg = Release|Any CPU
		{DB7DDFB8-8BB9-4C38-B9B4-FC1688FA2E63}.Release|ARM.Build.0 = Release|Any CPU
		{DB7DDFB8-8BB9-4C38-B9B4-FC1688FA2E63}.Release|ARM64.ActiveCfg = Release|Any CPU
		{DB7DDFB8-8BB9-4C38-B9B4-FC1688FA2E63}.Release|ARM64.Build.0 = Release|Any CPU
		{DB7DDFB8-8BB9-4C38-B9B4-FC1688FA2E63}.Release|iPhone.ActiveCfg = Release|Any CPU
		{DB7DDFB8-8BB9-4C38-B9B4-FC1688FA2E63}.Release|iPhone.Build.0 = Release|Any CPU
		{DB7DDFB8-8BB9-4C38-B9B4-FC1688FA2E63}.Release|iPhoneSimulator.ActiveCfg = Release|Any CPU
		{DB7DDFB8-8BB9-4C38-B9B4-FC1688FA2E63}.Release|iPhoneSimulator.Build.0 = Release|Any CPU
		{DB7DDFB8-8BB9-4C38-B9B4-FC1688FA2E63}.Release|x64.ActiveCfg = Release|Any CPU
		{DB7DDFB8-8BB9-4C38-B9B4-FC1688FA2E63}.Release|x64.Build.0 = Release|Any CPU
		{DB7DDFB8-8BB9-4C38-B9B4-FC1688FA2E63}.Release|x86.ActiveCfg = Release|Any CPU
		{DB7DDFB8-8BB9-4C38-B9B4-FC1688FA2E63}.Release|x86.Build.0 = Release|Any CPU
		{2C065B64-60D5-4563-ABCF-6AA202335D81}.Ad-Hoc|Any CPU.ActiveCfg = Debug|Any CPU
		{2C065B64-60D5-4563-ABCF-6AA202335D81}.Ad-Hoc|Any CPU.Build.0 = Debug|Any CPU
		{2C065B64-60D5-4563-ABCF-6AA202335D81}.Ad-Hoc|ARM.ActiveCfg = Debug|Any CPU
		{2C065B64-60D5-4563-ABCF-6AA202335D81}.Ad-Hoc|ARM.Build.0 = Debug|Any CPU
		{2C065B64-60D5-4563-ABCF-6AA202335D81}.Ad-Hoc|ARM64.ActiveCfg = Debug|Any CPU
		{2C065B64-60D5-4563-ABCF-6AA202335D81}.Ad-Hoc|ARM64.Build.0 = Debug|Any CPU
		{2C065B64-60D5-4563-ABCF-6AA202335D81}.Ad-Hoc|iPhone.ActiveCfg = Debug|Any CPU
		{2C065B64-60D5-4563-ABCF-6AA202335D81}.Ad-Hoc|iPhone.Build.0 = Debug|Any CPU
		{2C065B64-60D5-4563-ABCF-6AA202335D81}.Ad-Hoc|iPhoneSimulator.ActiveCfg = Debug|Any CPU
		{2C065B64-60D5-4563-ABCF-6AA202335D81}.Ad-Hoc|iPhoneSimulator.Build.0 = Debug|Any CPU
		{2C065B64-60D5-4563-ABCF-6AA202335D81}.Ad-Hoc|x64.ActiveCfg = Debug|Any CPU
		{2C065B64-60D5-4563-ABCF-6AA202335D81}.Ad-Hoc|x64.Build.0 = Debug|Any CPU
		{2C065B64-60D5-4563-ABCF-6AA202335D81}.Ad-Hoc|x86.ActiveCfg = Debug|Any CPU
		{2C065B64-60D5-4563-ABCF-6AA202335D81}.Ad-Hoc|x86.Build.0 = Debug|Any CPU
		{2C065B64-60D5-4563-ABCF-6AA202335D81}.AppStore|Any CPU.ActiveCfg = Debug|Any CPU
		{2C065B64-60D5-4563-ABCF-6AA202335D81}.AppStore|Any CPU.Build.0 = Debug|Any CPU
		{2C065B64-60D5-4563-ABCF-6AA202335D81}.AppStore|ARM.ActiveCfg = Debug|Any CPU
		{2C065B64-60D5-4563-ABCF-6AA202335D81}.AppStore|ARM.Build.0 = Debug|Any CPU
		{2C065B64-60D5-4563-ABCF-6AA202335D81}.AppStore|ARM64.ActiveCfg = Debug|Any CPU
		{2C065B64-60D5-4563-ABCF-6AA202335D81}.AppStore|ARM64.Build.0 = Debug|Any CPU
		{2C065B64-60D5-4563-ABCF-6AA202335D81}.AppStore|iPhone.ActiveCfg = Debug|Any CPU
		{2C065B64-60D5-4563-ABCF-6AA202335D81}.AppStore|iPhone.Build.0 = Debug|Any CPU
		{2C065B64-60D5-4563-ABCF-6AA202335D81}.AppStore|iPhoneSimulator.ActiveCfg = Debug|Any CPU
		{2C065B64-60D5-4563-ABCF-6AA202335D81}.AppStore|iPhoneSimulator.Build.0 = Debug|Any CPU
		{2C065B64-60D5-4563-ABCF-6AA202335D81}.AppStore|x64.ActiveCfg = Debug|Any CPU
		{2C065B64-60D5-4563-ABCF-6AA202335D81}.AppStore|x64.Build.0 = Debug|Any CPU
		{2C065B64-60D5-4563-ABCF-6AA202335D81}.AppStore|x86.ActiveCfg = Debug|Any CPU
		{2C065B64-60D5-4563-ABCF-6AA202335D81}.AppStore|x86.Build.0 = Debug|Any CPU
		{2C065B64-60D5-4563-ABCF-6AA202335D81}.Debug|Any CPU.ActiveCfg = Debug|Any CPU
		{2C065B64-60D5-4563-ABCF-6AA202335D81}.Debug|Any CPU.Build.0 = Debug|Any CPU
		{2C065B64-60D5-4563-ABCF-6AA202335D81}.Debug|ARM.ActiveCfg = Debug|Any CPU
		{2C065B64-60D5-4563-ABCF-6AA202335D81}.Debug|ARM.Build.0 = Debug|Any CPU
		{2C065B64-60D5-4563-ABCF-6AA202335D81}.Debug|ARM64.ActiveCfg = Debug|Any CPU
		{2C065B64-60D5-4563-ABCF-6AA202335D81}.Debug|ARM64.Build.0 = Debug|Any CPU
		{2C065B64-60D5-4563-ABCF-6AA202335D81}.Debug|iPhone.ActiveCfg = Debug|Any CPU
		{2C065B64-60D5-4563-ABCF-6AA202335D81}.Debug|iPhone.Build.0 = Debug|Any CPU
		{2C065B64-60D5-4563-ABCF-6AA202335D81}.Debug|iPhoneSimulator.ActiveCfg = Debug|Any CPU
		{2C065B64-60D5-4563-ABCF-6AA202335D81}.Debug|iPhoneSimulator.Build.0 = Debug|Any CPU
		{2C065B64-60D5-4563-ABCF-6AA202335D81}.Debug|x64.ActiveCfg = Debug|Any CPU
		{2C065B64-60D5-4563-ABCF-6AA202335D81}.Debug|x64.Build.0 = Debug|Any CPU
		{2C065B64-60D5-4563-ABCF-6AA202335D81}.Debug|x86.ActiveCfg = Debug|Any CPU
		{2C065B64-60D5-4563-ABCF-6AA202335D81}.Debug|x86.Build.0 = Debug|Any CPU
		{2C065B64-60D5-4563-ABCF-6AA202335D81}.Release|Any CPU.ActiveCfg = Release|Any CPU
		{2C065B64-60D5-4563-ABCF-6AA202335D81}.Release|Any CPU.Build.0 = Release|Any CPU
		{2C065B64-60D5-4563-ABCF-6AA202335D81}.Release|ARM.ActiveCfg = Release|Any CPU
		{2C065B64-60D5-4563-ABCF-6AA202335D81}.Release|ARM.Build.0 = Release|Any CPU
		{2C065B64-60D5-4563-ABCF-6AA202335D81}.Release|ARM64.ActiveCfg = Release|Any CPU
		{2C065B64-60D5-4563-ABCF-6AA202335D81}.Release|ARM64.Build.0 = Release|Any CPU
		{2C065B64-60D5-4563-ABCF-6AA202335D81}.Release|iPhone.ActiveCfg = Release|Any CPU
		{2C065B64-60D5-4563-ABCF-6AA202335D81}.Release|iPhone.Build.0 = Release|Any CPU
		{2C065B64-60D5-4563-ABCF-6AA202335D81}.Release|iPhoneSimulator.ActiveCfg = Release|Any CPU
		{2C065B64-60D5-4563-ABCF-6AA202335D81}.Release|iPhoneSimulator.Build.0 = Release|Any CPU
		{2C065B64-60D5-4563-ABCF-6AA202335D81}.Release|x64.ActiveCfg = Release|Any CPU
		{2C065B64-60D5-4563-ABCF-6AA202335D81}.Release|x64.Build.0 = Release|Any CPU
		{2C065B64-60D5-4563-ABCF-6AA202335D81}.Release|x86.ActiveCfg = Release|Any CPU
		{2C065B64-60D5-4563-ABCF-6AA202335D81}.Release|x86.Build.0 = Release|Any CPU
	EndGlobalSection
	GlobalSection(SolutionProperties) = preSolution
		HideSolutionNode = FALSE
	EndGlobalSection
	GlobalSection(ExtensibilityGlobals) = postSolution
		SolutionGuid = {C8F5EB46-33F5-4936-9217-C6A95233B74E}
	EndGlobalSection
EndGlobal
